<?xml version="1.0" encoding="utf-8"?>
<Project ToolsVersion="4.0" xmlns="http://schemas.microsoft.com/developer/msbuild/2003">
  <ItemGroup>
    <Filter Include="소스 파일">
      <UniqueIdentifier>{4FC737F1-C7A5-4376-A066-2A32D752A2FF}</UniqueIdentifier>
      <Extensions>cpp;c;cc;cxx;def;odl;idl;hpj;bat;asm;asmx</Extensions>
    </Filter>
    <Filter Include="헤더 파일">
      <UniqueIdentifier>{93995380-89BD-4b04-88EB-625FBE52EBFB}</UniqueIdentifier>
      <Extensions>h;hpp;hxx;hm;inl;inc;xsd</Extensions>
    </Filter>
    <Filter Include="리소스 파일">
      <UniqueIdentifier>{67DA6AB6-F800-4c08-8B7A-83BB121AAD01}</UniqueIdentifier>
      <Extensions>rc;ico;cur;bmp;dlg;rc2;rct;bin;rgs;gif;jpg;jpeg;jpe;resx;tiff;tif;png;wav</Extensions>
    </Filter>
    <Filter Include="CUDA">
      <UniqueIdentifier>{0557f044-b07e-4ca6-9017-c32d2efa69a4}</UniqueIdentifier>
    </Filter>
    <Filter Include="SGRTx2Lib">
      <UniqueIdentifier>{afcf9d2b-72a0-4b41-aae6-af08c13692ce}</UniqueIdentifier>
    </Filter>
    <Filter Include="AABB_Triangle_Clip">
      <UniqueIdentifier>{f6406620-ddbb-445b-8a62-de2d50886a46}</UniqueIdentifier>
    </Filter>
    <Filter Include="external">
      <UniqueIdentifier>{40475157-115c-49a4-a1b3-1306b56ec2d5}</UniqueIdentifier>
    </Filter>
  </ItemGroup>
  <ItemGroup>
    <ClCompile Include="Kd-treeConverter.cpp">
      <Filter>소스 파일</Filter>
    </ClCompile>
    <ClCompile Include="Kd-treeConverterMain.cpp">
      <Filter>소스 파일</Filter>
    </ClCompile>
    <ClCompile Include="MyMathUtility.cpp">
      <Filter>소스 파일</Filter>
    </ClCompile>
    <ClCompile Include="OpenGLStuffs.cpp">
      <Filter>소스 파일</Filter>
    </ClCompile>
    <ClCompile Include="SLMeshDataIO.cpp">
      <Filter>소스 파일</Filter>
    </ClCompile>
    <ClCompile Include="Kd-treeConstructor.cpp">
      <Filter>소스 파일</Filter>
    </ClCompile>
    <ClCompile Include="RayTraversal.cpp">
      <Filter>소스 파일</Filter>
    </ClCompile>
    <ClCompile Include="AABB_Triangle_Clip\AABB_Triangle_Clip.cpp">
      <Filter>AABB_Triangle_Clip</Filter>
    </ClCompile>
  </ItemGroup>
  <ItemGroup>
    <ClInclude Include="Kd-treeConverter.h">
      <Filter>헤더 파일</Filter>
    </ClInclude>
    <ClInclude Include="Kd-treeConverterMain.h">
      <Filter>헤더 파일</Filter>
    </ClInclude>
    <ClInclude Include="MyMathUtility.h">
      <Filter>헤더 파일</Filter>
    </ClInclude>
    <ClInclude Include="OpenGLStuffs.h">
      <Filter>헤더 파일</Filter>
    </ClInclude>
    <ClInclude Include="SLMeshDataIO.h">
      <Filter>헤더 파일</Filter>
    </ClInclude>
    <ClInclude Include="Kd-treeConstructor.h">
      <Filter>헤더 파일</Filter>
    </ClInclude>
    <ClInclude Include="RayTraversal.h">
      <Filter>헤더 파일</Filter>
    </ClInclude>
    <ClInclude Include="cudaRenderer.h">
      <Filter>CUDA</Filter>
    </ClInclude>
    <ClInclude Include="test.h">
      <Filter>CUDA</Filter>
    </ClInclude>
    <ClInclude Include="AABB_Triangle_Clip\AABB_Clipping.h">
      <Filter>AABB_Triangle_Clip</Filter>
    </ClInclude>
    <ClInclude Include="AABB_Triangle_Clip\AABB_Triangle_Clip.h">
      <Filter>AABB_Triangle_Clip</Filter>
    </ClInclude>
    <ClInclude Include="Kd-treeCudaKernels.h">
      <Filter>CUDA</Filter>
    </ClInclude>
    <ClInclude Include="..\external\stb_image_write.h">
      <Filter>external</Filter>
    </ClInclude>
    <ClInclude Include="Gaussian.h">
      <Filter>헤더 파일</Filter>
    </ClInclude>
  </ItemGroup>
  <ItemGroup>
    <CudaCompile Include="cudaRenderer.cu">
      <Filter>CUDA</Filter>
    </CudaCompile>
    <CudaCompile Include="test.cu">
      <Filter>CUDA</Filter>
    </CudaCompile>
    <CudaCompile Include="SGRTx2Lib\cuda_math.h">
      <Filter>SGRTx2Lib</Filter>
    </CudaCompile>
    <CudaCompile Include="Kd-treeCudaKernels.cu">
      <Filter>CUDA</Filter>
    </CudaCompile>
  </ItemGroup>
</Project>